
Microsoft Visual Studio Solution File, Format Version 12.00
# Visual Studio 15
VisualStudioVersion = 15.0.28307.168
MinimumVisualStudioVersion = 10.0.40219.1
Project("{8BC9CEB8-8B4A-11D0-8D11-00A0C91BC942}") = "2017302580098-姚晓璐-1", "2017302580098-姚晓璐-1\2017302580098-姚晓璐-1.vcxproj", "{6B5D9E84-06B2-4502-8685-2AA87B6FD445}"
EndProject
Project("{8BC9CEB8-8B4A-11D0-8D11-00A0C91BC942}") = "2017302580098-姚晓璐-2", "2017302580098-姚晓璐-2\2017302580098-姚晓璐-2.vcxproj", "{779E1E28-B58D-4486-A3FD-30F63A6C5E7B}"
EndProject
Project("{8BC9CEB8-8B4A-11D0-8D11-00A0C91BC942}") = "2017302580098-姚晓璐-3", "2017302580098-姚晓璐-3\2017302580098-姚晓璐-3.vcxproj", "{8383F0BB-CF6A-4CC5-B636-DE0F86CAFA03}"
EndProject
Project("{8BC9CEB8-8B4A-11D0-8D11-00A0C91BC942}") = "2017302580098-姚晓璐-4", "2017302580098-姚晓璐-4\2017302580098-姚晓璐-4.vcxproj", "{491DCD25-B4AD-41B0-927E-78E16411BE83}"
EndProject
Project("{8BC9CEB8-8B4A-11D0-8D11-00A0C91BC942}") = "2017302580098-姚晓璐-5", "2017302580098-姚晓璐-5\2017302580098-姚晓璐-5.vcxproj", "{EA3DF2D5-3E05-44A0-A59C-BF3F59A0093B}"
EndProject
Project("{8BC9CEB8-8B4A-11D0-8D11-00A0C91BC942}") = "2017302580098-姚晓璐-6", "2017302580098-姚晓璐-6\2017302580098-姚晓璐-6.vcxproj", "{5AB255AB-AE85-4673-9DF4-12BDEEDDF6FC}"
EndProject
Global
	GlobalSection(SolutionConfigurationPlatforms) = preSolution
		Debug|x64 = Debug|x64
		Debug|x86 = Debug|x86
		Release|x64 = Release|x64
		Release|x86 = Release|x86
	EndGlobalSection
	GlobalSection(ProjectConfigurationPlatforms) = postSolution
		{6B5D9E84-06B2-4502-8685-2AA87B6FD445}.Debug|x64.ActiveCfg = Debug|x64
		{6B5D9E84-06B2-4502-8685-2AA87B6FD445}.Debug|x64.Build.0 = Debug|x64
		{6B5D9E84-06B2-4502-8685-2AA87B6FD445}.Debug|x86.ActiveCfg = Debug|Win32
		{6B5D9E84-06B2-4502-8685-2AA87B6FD445}.Debug|x86.Build.0 = Debug|Win32
		{6B5D9E84-06B2-4502-8685-2AA87B6FD445}.Release|x64.ActiveCfg = Release|x64
		{6B5D9E84-06B2-4502-8685-2AA87B6FD445}.Release|x64.Build.0 = Release|x64
		{6B5D9E84-06B2-4502-8685-2AA87B6FD445}.Release|x86.ActiveCfg = Release|Win32
		{6B5D9E84-06B2-4502-8685-2AA87B6FD445}.Release|x86.Build.0 = Release|Win32
		{779E1E28-B58D-4486-A3FD-30F63A6C5E7B}.Debug|x64.ActiveCfg = Debug|x64
		{779E1E28-B58D-4486-A3FD-30F63A6C5E7B}.Debug|x64.Build.0 = Debug|x64
		{779E1E28-B58D-4486-A3FD-30F63A6C5E7B}.Debug|x86.ActiveCfg = Debug|Win32
		{779E1E28-B58D-4486-A3FD-30F63A6C5E7B}.Debug|x86.Build.0 = Debug|Win32
		{779E1E28-B58D-4486-A3FD-30F63A6C5E7B}.Release|x64.ActiveCfg = Release|x64
		{779E1E28-B58D-4486-A3FD-30F63A6C5E7B}.Release|x64.Build.0 = Release|x64
		{779E1E28-B58D-4486-A3FD-30F63A6C5E7B}.Release|x86.ActiveCfg = Release|Win32
		{779E1E28-B58D-4486-A3FD-30F63A6C5E7B}.Release|x86.Build.0 = Release|Win32
		{8383F0BB-CF6A-4CC5-B636-DE0F86CAFA03}.Debug|x64.ActiveCfg = Debug|x64
		{8383F0BB-CF6A-4CC5-B636-DE0F86CAFA03}.Debug|x64.Build.0 = Debug|x64
		{8383F0BB-CF6A-4CC5-B636-DE0F86CAFA03}.Debug|x86.ActiveCfg = Debug|Win32
		{8383F0BB-CF6A-4CC5-B636-DE0F86CAFA03}.Debug|x86.Build.0 = Debug|Win32
		{8383F0BB-CF6A-4CC5-B636-DE0F86CAFA03}.Release|x64.ActiveCfg = Release|x64
		{8383F0BB-CF6A-4CC5-B636-DE0F86CAFA03}.Release|x64.Build.0 = Release|x64
		{8383F0BB-CF6A-4CC5-B636-DE0F86CAFA03}.Release|x86.ActiveCfg = Release|Win32
		{8383F0BB-CF6A-4CC5-B636-DE0F86CAFA03}.Release|x86.Build.0 = Release|Win32
		{491DCD25-B4AD-41B0-927E-78E16411BE83}.Debug|x64.ActiveCfg = Debug|x64
		{491DCD25-B4AD-41B0-927E-78E16411BE83}.Debug|x64.Build.0 = Debug|x64
		{491DCD25-B4AD-41B0-927E-78E16411BE83}.Debug|x86.ActiveCfg = Debug|Win32
		{491DCD25-B4AD-41B0-927E-78E16411BE83}.Debug|x86.Build.0 = Debug|Win32
		{491DCD25-B4AD-41B0-927E-78E16411BE83}.Release|x64.ActiveCfg = Release|x64
		{491DCD25-B4AD-41B0-927E-78E16411BE83}.Release|x64.Build.0 = Release|x64
		{491DCD25-B4AD-41B0-927E-78E16411BE83}.Release|x86.ActiveCfg = Release|Win32
		{491DCD25-B4AD-41B0-927E-78E16411BE83}.Release|x86.Build.0 = Release|Win32
		{EA3DF2D5-3E05-44A0-A59C-BF3F59A0093B}.Debug|x64.ActiveCfg = Debug|x64
		{EA3DF2D5-3E05-44A0-A59C-BF3F59A0093B}.Debug|x64.Build.0 = Debug|x64
		{EA3DF2D5-3E05-44A0-A59C-BF3F59A0093B}.Debug|x86.ActiveCfg = Debug|Win32
		{EA3DF2D5-3E05-44A0-A59C-BF3F59A0093B}.Debug|x86.Build.0 = Debug|Win32
		{EA3DF2D5-3E05-44A0-A59C-BF3F59A0093B}.Release|x64.ActiveCfg = Release|x64
		{EA3DF2D5-3E05-44A0-A59C-BF3F59A0093B}.Release|x64.Build.0 = Release|x64
		{EA3DF2D5-3E05-44A0-A59C-BF3F59A0093B}.Release|x86.ActiveCfg = Release|Win32
		{EA3DF2D5-3E05-44A0-A59C-BF3F59A0093B}.Release|x86.Build.0 = Release|Win32
		{5AB255AB-AE85-4673-9DF4-12BDEEDDF6FC}.Debug|x64.ActiveCfg = Debug|x64
		{5AB255AB-AE85-4673-9DF4-12BDEEDDF6FC}.Debug|x64.Build.0 = Debug|x64
		{5AB255AB-AE85-4673-9DF4-12BDEEDDF6FC}.Debug|x86.ActiveCfg = Debug|Win32
		{5AB255AB-AE85-4673-9DF4-12BDEEDDF6FC}.Debug|x86.Build.0 = Debug|Win32
		{5AB255AB-AE85-4673-9DF4-12BDEEDDF6FC}.Release|x64.ActiveCfg = Release|x64
		{5AB255AB-AE85-4673-9DF4-12BDEEDDF6FC}.Release|x64.Build.0 = Release|x64
		{5AB255AB-AE85-4673-9DF4-12BDEEDDF6FC}.Release|x86.ActiveCfg = Release|Win32
		{5AB255AB-AE85-4673-9DF4-12BDEEDDF6FC}.Release|x86.Build.0 = Release|Win32
	EndGlobalSection
	GlobalSection(SolutionProperties) = preSolution
		HideSolutionNode = FALSE
	EndGlobalSection
	GlobalSection(ExtensibilityGlobals) = postSolution
		SolutionGuid = {08B1305C-28C6-44E3-B75E-D12F37BE28BA}
	EndGlobalSection
EndGlobal
